
Microsoft Visual Studio Solution File, Format Version 12.00
# Visual Studio Version 17
VisualStudioVersion = 17.14.37328.6 d17.14
MinimumVisualStudioVersion = 10.0.40219.1
Project("{FAE04EC0-301F-11D3-BF4B-00C04F79EFBC}") = "LLPSignOff_BLReferencesProxy", "referencesProxy\LLPSignOff_BLReferencesProxy.csproj", "{F3BEB653-9E30-4E65-A8BB-3192461CBF8D}"
EndProject
Project("{FAE04EC0-301F-11D3-BF4B-00C04F79EFBC}") = "LLPSignOff_BL.SignOffAPI", "CustomClients\SignOffAPI\LLPSignOff_BL.SignOffAPI.csproj", "{68D5661B-C13B-45F2-C47A-BC1705789A36}"
EndProject
Global
	GlobalSection(SolutionConfigurationPlatforms) = preSolution
		Debug|Any CPU = Debug|Any CPU
		Release|Any CPU = Release|Any CPU
	EndGlobalSection
	GlobalSection(ProjectConfigurationPlatforms) = postSolution
		{F3BEB653-9E30-4E65-A8BB-3192461CBF8D}.Debug|Any CPU.ActiveCfg = Debug|Any CPU
		{F3BEB653-9E30-4E65-A8BB-3192461CBF8D}.Debug|Any CPU.Build.0 = Debug|Any CPU
		{F3BEB653-9E30-4E65-A8BB-3192461CBF8D}.Release|Any CPU.ActiveCfg = Release|Any CPU
		{F3BEB653-9E30-4E65-A8BB-3192461CBF8D}.Release|Any CPU.Build.0 = Release|Any CPU
		{68D5661B-C13B-45F2-C47A-BC1705789A36}.Debug|Any CPU.ActiveCfg = Debug|Any CPU
		{68D5661B-C13B-45F2-C47A-BC1705789A36}.Debug|Any CPU.Build.0 = Debug|Any CPU
		{68D5661B-C13B-45F2-C47A-BC1705789A36}.Release|Any CPU.ActiveCfg = Release|Any CPU
		{68D5661B-C13B-45F2-C47A-BC1705789A36}.Release|Any CPU.Build.0 = Release|Any CPU
	EndGlobalSection
	GlobalSection(SolutionProperties) = preSolution
		HideSolutionNode = FALSE
	EndGlobalSection
EndGlobal
